// !$*UTF8*$!
{
	archiveVersion = 1;
	classes = {
	};
	objectVersion = 46;
	objects = {

/* Begin PBXBuildFile section */
		511478158DA2443681851B2B /* libPods.a in Frameworks */ = {isa = PBXBuildFile; fileRef = 3A83CB319A2A460D9EE97FB1 /* libPods.a */; };
		9213BDD818AD9CC500A8427C /* NRRidesViewController.m in Sources */ = {isa = PBXBuildFile; fileRef = 9213BDD718AD9CC500A8427C /* NRRidesViewController.m */; };
		9213BDDA18ADACD300A8427C /* CoreLocation.framework in Frameworks */ = {isa = PBXBuildFile; fileRef = 9213BDD918ADACD300A8427C /* CoreLocation.framework */; };
		9213BDDC18ADC83000A8427C /* MapKit.framework in Frameworks */ = {isa = PBXBuildFile; fileRef = 9213BDDB18ADC83000A8427C /* MapKit.framework */; };
		922B55A418ECFF030079CFD3 /* QuartzCore.framework in Frameworks */ = {isa = PBXBuildFile; fileRef = 922B55A318ECFF030079CFD3 /* QuartzCore.framework */; };
		92A32B111896FE80001BF997 /* Foundation.framework in Frameworks */ = {isa = PBXBuildFile; fileRef = 92A32B101896FE80001BF997 /* Foundation.framework */; };
		92A32B131896FE80001BF997 /* CoreGraphics.framework in Frameworks */ = {isa = PBXBuildFile; fileRef = 92A32B121896FE80001BF997 /* CoreGraphics.framework */; };
		92A32B151896FE80001BF997 /* UIKit.framework in Frameworks */ = {isa = PBXBuildFile; fileRef = 92A32B141896FE80001BF997 /* UIKit.framework */; };
		92A32B1B1896FE80001BF997 /* InfoPlist.strings in Resources */ = {isa = PBXBuildFile; fileRef = 92A32B191896FE80001BF997 /* InfoPlist.strings */; };
		92A32B1D1896FE80001BF997 /* main.m in Sources */ = {isa = PBXBuildFile; fileRef = 92A32B1C1896FE80001BF997 /* main.m */; };
		92A32B211896FE81001BF997 /* NRAppDelegate.m in Sources */ = {isa = PBXBuildFile; fileRef = 92A32B201896FE81001BF997 /* NRAppDelegate.m */; };
		92A32B241896FE81001BF997 /* Main.storyboard in Resources */ = {isa = PBXBuildFile; fileRef = 92A32B221896FE81001BF997 /* Main.storyboard */; };
		92A32B2C1896FE81001BF997 /* Images.xcassets in Resources */ = {isa = PBXBuildFile; fileRef = 92A32B2B1896FE81001BF997 /* Images.xcassets */; };
		92A32B331896FE81001BF997 /* XCTest.framework in Frameworks */ = {isa = PBXBuildFile; fileRef = 92A32B321896FE81001BF997 /* XCTest.framework */; };
		92A32B341896FE81001BF997 /* Foundation.framework in Frameworks */ = {isa = PBXBuildFile; fileRef = 92A32B101896FE80001BF997 /* Foundation.framework */; };
		92A32B351896FE81001BF997 /* UIKit.framework in Frameworks */ = {isa = PBXBuildFile; fileRef = 92A32B141896FE80001BF997 /* UIKit.framework */; };
		92A32B3D1896FE81001BF997 /* InfoPlist.strings in Resources */ = {isa = PBXBuildFile; fileRef = 92A32B3B1896FE81001BF997 /* InfoPlist.strings */; };
		92A32B3F1896FE81001BF997 /* NightRideTests.m in Sources */ = {isa = PBXBuildFile; fileRef = 92A32B3E1896FE81001BF997 /* NightRideTests.m */; };
		92A32B4A189702B3001BF997 /* NRLoginViewController.m in Sources */ = {isa = PBXBuildFile; fileRef = 92A32B49189702B3001BF997 /* NRLoginViewController.m */; };
		92A32B5018970C67001BF997 /* NRTabBarViewController.m in Sources */ = {isa = PBXBuildFile; fileRef = 92A32B4F18970C67001BF997 /* NRTabBarViewController.m */; };
		92A32B531897113E001BF997 /* NRSettingsTableViewController.m in Sources */ = {isa = PBXBuildFile; fileRef = 92A32B521897113E001BF997 /* NRSettingsTableViewController.m */; };
		92A32B561897236F001BF997 /* NRRegisterViewController.m in Sources */ = {isa = PBXBuildFile; fileRef = 92A32B551897236F001BF997 /* NRRegisterViewController.m */; };
		92AAB4B81898A9AD00DDA99E /* NRMD5Hashing.m in Sources */ = {isa = PBXBuildFile; fileRef = 92AAB4B71898A9AD00DDA99E /* NRMD5Hashing.m */; };
		92C1195818BD67C900969A48 /* NRConfirmRideTableViewController.m in Sources */ = {isa = PBXBuildFile; fileRef = 92C1195718BD67C900969A48 /* NRConfirmRideTableViewController.m */; };
		92F498CE1897316900D48C4C /* NetworkingManager.m in Sources */ = {isa = PBXBuildFile; fileRef = 92F498CD1897316900D48C4C /* NetworkingManager.m */; };
/* End PBXBuildFile section */

/* Begin PBXContainerItemProxy section */
		92A32B361896FE81001BF997 /* PBXContainerItemProxy */ = {
			isa = PBXContainerItemProxy;
			containerPortal = 92A32B051896FE80001BF997 /* Project object */;
			proxyType = 1;
			remoteGlobalIDString = 92A32B0C1896FE80001BF997;
			remoteInfo = NightRide;
		};
/* End PBXContainerItemProxy section */

/* Begin PBXFileReference section */
		0C1BB4361FF04B029B7C1987 /* Pods.xcconfig */ = {isa = PBXFileReference; includeInIndex = 1; lastKnownFileType = text.xcconfig; name = Pods.xcconfig; path = Pods/Pods.xcconfig; sourceTree = "<group>"; };
		3A83CB319A2A460D9EE97FB1 /* libPods.a */ = {isa = PBXFileReference; explicitFileType = archive.ar; includeInIndex = 0; path = libPods.a; sourceTree = BUILT_PRODUCTS_DIR; };
		9213BDD618AD9CC500A8427C /* NRRidesViewController.h */ = {isa = PBXFileReference; fileEncoding = 4; lastKnownFileType = sourcecode.c.h; path = NRRidesViewController.h; sourceTree = "<group>"; };
		9213BDD718AD9CC500A8427C /* NRRidesViewController.m */ = {isa = PBXFileReference; fileEncoding = 4; lastKnownFileType = sourcecode.c.objc; path = NRRidesViewController.m; sourceTree = "<group>"; };
		9213BDD918ADACD300A8427C /* CoreLocation.framework */ = {isa = PBXFileReference; lastKnownFileType = wrapper.framework; name = CoreLocation.framework; path = System/Library/Frameworks/CoreLocation.framework; sourceTree = SDKROOT; };
		9213BDDB18ADC83000A8427C /* MapKit.framework */ = {isa = PBXFileReference; lastKnownFileType = wrapper.framework; name = MapKit.framework; path = System/Library/Frameworks/MapKit.framework; sourceTree = SDKROOT; };
		922B55A318ECFF030079CFD3 /* QuartzCore.framework */ = {isa = PBXFileReference; lastKnownFileType = wrapper.framework; name = QuartzCore.framework; path = System/Library/Frameworks/QuartzCore.framework; sourceTree = SDKROOT; };
		92A32B0D1896FE80001BF997 /* NightRide.app */ = {isa = PBXFileReference; explicitFileType = wrapper.application; includeInIndex = 0; path = NightRide.app; sourceTree = BUILT_PRODUCTS_DIR; };
		92A32B101896FE80001BF997 /* Foundation.framework */ = {isa = PBXFileReference; lastKnownFileType = wrapper.framework; name = Foundation.framework; path = System/Library/Frameworks/Foundation.framework; sourceTree = SDKROOT; };
		92A32B121896FE80001BF997 /* CoreGraphics.framework */ = {isa = PBXFileReference; lastKnownFileType = wrapper.framework; name = CoreGraphics.framework; path = System/Library/Frameworks/CoreGraphics.framework; sourceTree = SDKROOT; };
		92A32B141896FE80001BF997 /* UIKit.framework */ = {isa = PBXFileReference; lastKnownFileType = wrapper.framework; name = UIKit.framework; path = System/Library/Frameworks/UIKit.framework; sourceTree = SDKROOT; };
		92A32B181896FE80001BF997 /* NightRide-Info.plist */ = {isa = PBXFileReference; lastKnownFileType = text.plist.xml; path = "NightRide-Info.plist"; sourceTree = "<group>"; };
		92A32B1A1896FE80001BF997 /* en */ = {isa = PBXFileReference; lastKnownFileType = text.plist.strings; name = en; path = en.lproj/InfoPlist.strings; sourceTree = "<group>"; };
		92A32B1C1896FE80001BF997 /* main.m */ = {isa = PBXFileReference; lastKnownFileType = sourcecode.c.objc; path = main.m; sourceTree = "<group>"; };
		92A32B1E1896FE81001BF997 /* NightRide-Prefix.pch */ = {isa = PBXFileReference; lastKnownFileType = sourcecode.c.h; path = "NightRide-Prefix.pch"; sourceTree = "<group>"; };
		92A32B1F1896FE81001BF997 /* NRAppDelegate.h */ = {isa = PBXFileReference; lastKnownFileType = sourcecode.c.h; path = NRAppDelegate.h; sourceTree = "<group>"; };
		92A32B201896FE81001BF997 /* NRAppDelegate.m */ = {isa = PBXFileReference; lastKnownFileType = sourcecode.c.objc; path = NRAppDelegate.m; sourceTree = "<group>"; };
		92A32B231896FE81001BF997 /* Base */ = {isa = PBXFileReference; lastKnownFileType = file.storyboard; name = Base; path = Base.lproj/Main.storyboard; sourceTree = "<group>"; };
		92A32B2B1896FE81001BF997 /* Images.xcassets */ = {isa = PBXFileReference; lastKnownFileType = folder.assetcatalog; path = Images.xcassets; sourceTree = "<group>"; };
		92A32B311896FE81001BF997 /* NightRideTests.xctest */ = {isa = PBXFileReference; explicitFileType = wrapper.cfbundle; includeInIndex = 0; path = NightRideTests.xctest; sourceTree = BUILT_PRODUCTS_DIR; };
		92A32B321896FE81001BF997 /* XCTest.framework */ = {isa = PBXFileReference; lastKnownFileType = wrapper.framework; name = XCTest.framework; path = Library/Frameworks/XCTest.framework; sourceTree = DEVELOPER_DIR; };
		92A32B3A1896FE81001BF997 /* NightRideTests-Info.plist */ = {isa = PBXFileReference; lastKnownFileType = text.plist.xml; path = "NightRideTests-Info.plist"; sourceTree = "<group>"; };
		92A32B3C1896FE81001BF997 /* en */ = {isa = PBXFileReference; lastKnownFileType = text.plist.strings; name = en; path = en.lproj/InfoPlist.strings; sourceTree = "<group>"; };
		92A32B3E1896FE81001BF997 /* NightRideTests.m */ = {isa = PBXFileReference; lastKnownFileType = sourcecode.c.objc; path = NightRideTests.m; sourceTree = "<group>"; };
		92A32B48189702B3001BF997 /* NRLoginViewController.h */ = {isa = PBXFileReference; fileEncoding = 4; lastKnownFileType = sourcecode.c.h; path = NRLoginViewController.h; sourceTree = "<group>"; };
		92A32B49189702B3001BF997 /* NRLoginViewController.m */ = {isa = PBXFileReference; fileEncoding = 4; lastKnownFileType = sourcecode.c.objc; path = NRLoginViewController.m; sourceTree = "<group>"; };
		92A32B4E18970C67001BF997 /* NRTabBarViewController.h */ = {isa = PBXFileReference; fileEncoding = 4; lastKnownFileType = sourcecode.c.h; path = NRTabBarViewController.h; sourceTree = "<group>"; };
		92A32B4F18970C67001BF997 /* NRTabBarViewController.m */ = {isa = PBXFileReference; fileEncoding = 4; lastKnownFileType = sourcecode.c.objc; path = NRTabBarViewController.m; sourceTree = "<group>"; };
		92A32B511897113E001BF997 /* NRSettingsTableViewController.h */ = {isa = PBXFileReference; fileEncoding = 4; lastKnownFileType = sourcecode.c.h; path = NRSettingsTableViewController.h; sourceTree = "<group>"; };
		92A32B521897113E001BF997 /* NRSettingsTableViewController.m */ = {isa = PBXFileReference; fileEncoding = 4; lastKnownFileType = sourcecode.c.objc; path = NRSettingsTableViewController.m; sourceTree = "<group>"; };
		92A32B541897236F001BF997 /* NRRegisterViewController.h */ = {isa = PBXFileReference; fileEncoding = 4; lastKnownFileType = sourcecode.c.h; path = NRRegisterViewController.h; sourceTree = "<group>"; };
		92A32B551897236F001BF997 /* NRRegisterViewController.m */ = {isa = PBXFileReference; fileEncoding = 4; lastKnownFileType = sourcecode.c.objc; path = NRRegisterViewController.m; sourceTree = "<group>"; };
		92AAB4B61898A9AD00DDA99E /* NRMD5Hashing.h */ = {isa = PBXFileReference; fileEncoding = 4; lastKnownFileType = sourcecode.c.h; path = NRMD5Hashing.h; sourceTree = "<group>"; };
		92AAB4B71898A9AD00DDA99E /* NRMD5Hashing.m */ = {isa = PBXFileReference; fileEncoding = 4; lastKnownFileType = sourcecode.c.objc; path = NRMD5Hashing.m; sourceTree = "<group>"; };
		92C1195618BD67C900969A48 /* NRConfirmRideTableViewController.h */ = {isa = PBXFileReference; fileEncoding = 4; lastKnownFileType = sourcecode.c.h; path = NRConfirmRideTableViewController.h; sourceTree = "<group>"; };
		92C1195718BD67C900969A48 /* NRConfirmRideTableViewController.m */ = {isa = PBXFileReference; fileEncoding = 4; lastKnownFileType = sourcecode.c.objc; path = NRConfirmRideTableViewController.m; sourceTree = "<group>"; };
		92F498CC1897316900D48C4C /* NetworkingManager.h */ = {isa = PBXFileReference; fileEncoding = 4; lastKnownFileType = sourcecode.c.h; path = NetworkingManager.h; sourceTree = "<group>"; };
		92F498CD1897316900D48C4C /* NetworkingManager.m */ = {isa = PBXFileReference; fileEncoding = 4; lastKnownFileType = sourcecode.c.objc; path = NetworkingManager.m; sourceTree = "<group>"; };
/* End PBXFileReference section */

/* Begin PBXFrameworksBuildPhase section */
		92A32B0A1896FE80001BF997 /* Frameworks */ = {
			isa = PBXFrameworksBuildPhase;
			buildActionMask = 2147483647;
			files = (
				922B55A418ECFF030079CFD3 /* QuartzCore.framework in Frameworks */,
				9213BDDA18ADACD300A8427C /* CoreLocation.framework in Frameworks */,
				92A32B131896FE80001BF997 /* CoreGraphics.framework in Frameworks */,
				92A32B151896FE80001BF997 /* UIKit.framework in Frameworks */,
				92A32B111896FE80001BF997 /* Foundation.framework in Frameworks */,
				9213BDDC18ADC83000A8427C /* MapKit.framework in Frameworks */,
				511478158DA2443681851B2B /* libPods.a in Frameworks */,
			);
			runOnlyForDeploymentPostprocessing = 0;
		};
		92A32B2E1896FE81001BF997 /* Frameworks */ = {
			isa = PBXFrameworksBuildPhase;
			buildActionMask = 2147483647;
			files = (
				92A32B331896FE81001BF997 /* XCTest.framework in Frameworks */,
				92A32B351896FE81001BF997 /* UIKit.framework in Frameworks */,
				92A32B341896FE81001BF997 /* Foundation.framework in Frameworks */,
			);
			runOnlyForDeploymentPostprocessing = 0;
		};
/* End PBXFrameworksBuildPhase section */

/* Begin PBXGroup section */
		92A32B041896FE80001BF997 = {
			isa = PBXGroup;
			children = (
				92A32B161896FE80001BF997 /* NightRide */,
				92A32B381896FE81001BF997 /* NightRideTests */,
				92A32B0F1896FE80001BF997 /* Frameworks */,
				92A32B0E1896FE80001BF997 /* Products */,
				0C1BB4361FF04B029B7C1987 /* Pods.xcconfig */,
			);
			sourceTree = "<group>";
		};
		92A32B0E1896FE80001BF997 /* Products */ = {
			isa = PBXGroup;
			children = (
				92A32B0D1896FE80001BF997 /* NightRide.app */,
				92A32B311896FE81001BF997 /* NightRideTests.xctest */,
			);
			name = Products;
			sourceTree = "<group>";
		};
		92A32B0F1896FE80001BF997 /* Frameworks */ = {
			isa = PBXGroup;
			children = (
				922B55A318ECFF030079CFD3 /* QuartzCore.framework */,
				9213BDDB18ADC83000A8427C /* MapKit.framework */,
				9213BDD918ADACD300A8427C /* CoreLocation.framework */,
				92A32B101896FE80001BF997 /* Foundation.framework */,
				92A32B121896FE80001BF997 /* CoreGraphics.framework */,
				92A32B141896FE80001BF997 /* UIKit.framework */,
				92A32B321896FE81001BF997 /* XCTest.framework */,
				3A83CB319A2A460D9EE97FB1 /* libPods.a */,
			);
			name = Frameworks;
			sourceTree = "<group>";
		};
		92A32B161896FE80001BF997 /* NightRide */ = {
			isa = PBXGroup;
			children = (
				92A32B1F1896FE81001BF997 /* NRAppDelegate.h */,
				92A32B201896FE81001BF997 /* NRAppDelegate.m */,
				92A32B221896FE81001BF997 /* Main.storyboard */,
				92F498CC1897316900D48C4C /* NetworkingManager.h */,
				92F498CD1897316900D48C4C /* NetworkingManager.m */,
				92A32B48189702B3001BF997 /* NRLoginViewController.h */,
				92A32B49189702B3001BF997 /* NRLoginViewController.m */,
				92A32B4E18970C67001BF997 /* NRTabBarViewController.h */,
				92A32B4F18970C67001BF997 /* NRTabBarViewController.m */,
				9213BDD618AD9CC500A8427C /* NRRidesViewController.h */,
				9213BDD718AD9CC500A8427C /* NRRidesViewController.m */,
				92C1195618BD67C900969A48 /* NRConfirmRideTableViewController.h */,
				92C1195718BD67C900969A48 /* NRConfirmRideTableViewController.m */,
				92A32B511897113E001BF997 /* NRSettingsTableViewController.h */,
				92A32B521897113E001BF997 /* NRSettingsTableViewController.m */,
				92A32B541897236F001BF997 /* NRRegisterViewController.h */,
				92A32B551897236F001BF997 /* NRRegisterViewController.m */,
				92AAB4B61898A9AD00DDA99E /* NRMD5Hashing.h */,
				92AAB4B71898A9AD00DDA99E /* NRMD5Hashing.m */,
				92A32B2B1896FE81001BF997 /* Images.xcassets */,
				92A32B171896FE80001BF997 /* Supporting Files */,
			);
			path = NightRide;
			sourceTree = "<group>";
		};
		92A32B171896FE80001BF997 /* Supporting Files */ = {
			isa = PBXGroup;
			children = (
				92A32B181896FE80001BF997 /* NightRide-Info.plist */,
				92A32B191896FE80001BF997 /* InfoPlist.strings */,
				92A32B1C1896FE80001BF997 /* main.m */,
				92A32B1E1896FE81001BF997 /* NightRide-Prefix.pch */,
			);
			name = "Supporting Files";
			sourceTree = "<group>";
		};
		92A32B381896FE81001BF997 /* NightRideTests */ = {
			isa = PBXGroup;
			children = (
				92A32B3E1896FE81001BF997 /* NightRideTests.m */,
				92A32B391896FE81001BF997 /* Supporting Files */,
			);
			path = NightRideTests;
			sourceTree = "<group>";
		};
		92A32B391896FE81001BF997 /* Supporting Files */ = {
			isa = PBXGroup;
			children = (
				92A32B3A1896FE81001BF997 /* NightRideTests-Info.plist */,
				92A32B3B1896FE81001BF997 /* InfoPlist.strings */,
			);
			name = "Supporting Files";
			sourceTree = "<group>";
		};
/* End PBXGroup section */

/* Begin PBXNativeTarget section */
		92A32B0C1896FE80001BF997 /* NightRide */ = {
			isa = PBXNativeTarget;
			buildConfigurationList = 92A32B421896FE81001BF997 /* Build configuration list for PBXNativeTarget "NightRide" */;
			buildPhases = (
				D01E6CFEEA59417EA0936850 /* Check Pods Manifest.lock */,
				92A32B091896FE80001BF997 /* Sources */,
				92A32B0A1896FE80001BF997 /* Frameworks */,
				92A32B0B1896FE80001BF997 /* Resources */,
				421B041D9AA54868902B865E /* Copy Pods Resources */,
			);
			buildRules = (
			);
			dependencies = (
			);
			name = NightRide;
			productName = NightRide;
			productReference = 92A32B0D1896FE80001BF997 /* NightRide.app */;
			productType = "com.apple.product-type.application";
		};
		92A32B301896FE81001BF997 /* NightRideTests */ = {
			isa = PBXNativeTarget;
			buildConfigurationList = 92A32B451896FE81001BF997 /* Build configuration list for PBXNativeTarget "NightRideTests" */;
			buildPhases = (
				92A32B2D1896FE81001BF997 /* Sources */,
				92A32B2E1896FE81001BF997 /* Frameworks */,
				92A32B2F1896FE81001BF997 /* Resources */,
			);
			buildRules = (
			);
			dependencies = (
				92A32B371896FE81001BF997 /* PBXTargetDependency */,
			);
			name = NightRideTests;
			productName = NightRideTests;
			productReference = 92A32B311896FE81001BF997 /* NightRideTests.xctest */;
			productType = "com.apple.product-type.bundle.unit-test";
		};
/* End PBXNativeTarget section */

/* Begin PBXProject section */
		92A32B051896FE80001BF997 /* Project object */ = {
			isa = PBXProject;
			attributes = {
				CLASSPREFIX = NR;
				LastUpgradeCheck = 0510;
				ORGANIZATIONNAME = NightRide;
				TargetAttributes = {
					92A32B0C1896FE80001BF997 = {
						DevelopmentTeam = 8Q7Z4BNPVX;
						SystemCapabilities = {
							com.apple.iOS = {
								enabled = 1;
							};
						};
					};
					92A32B301896FE81001BF997 = {
						TestTargetID = 92A32B0C1896FE80001BF997;
					};
				};
			};
			buildConfigurationList = 92A32B081896FE80001BF997 /* Build configuration list for PBXProject "NightRide" */;
			compatibilityVersion = "Xcode 3.2";
			developmentRegion = English;
			hasScannedForEncodings = 0;
			knownRegions = (
				en,
				Base,
			);
			mainGroup = 92A32B041896FE80001BF997;
			productRefGroup = 92A32B0E1896FE80001BF997 /* Products */;
			projectDirPath = "";
			projectRoot = "";
			targets = (
				92A32B0C1896FE80001BF997 /* NightRide */,
				92A32B301896FE81001BF997 /* NightRideTests */,
			);
		};
/* End PBXProject section */

/* Begin PBXResourcesBuildPhase section */
		92A32B0B1896FE80001BF997 /* Resources */ = {
			isa = PBXResourcesBuildPhase;
			buildActionMask = 2147483647;
			files = (
				92A32B2C1896FE81001BF997 /* Images.xcassets in Resources */,
				92A32B1B1896FE80001BF997 /* InfoPlist.strings in Resources */,
				92A32B241896FE81001BF997 /* Main.storyboard in Resources */,
			);
			runOnlyForDeploymentPostprocessing = 0;
		};
		92A32B2F1896FE81001BF997 /* Resources */ = {
			isa = PBXResourcesBuildPhase;
			buildActionMask = 2147483647;
			files = (
				92A32B3D1896FE81001BF997 /* InfoPlist.strings in Resources */,
			);
			runOnlyForDeploymentPostprocessing = 0;
		};
/* End PBXResourcesBuildPhase section */

/* Begin PBXShellScriptBuildPhase section */
		421B041D9AA54868902B865E /* Copy Pods Resources */ = {
			isa = PBXShellScriptBuildPhase;
			buildActionMask = 2147483647;
			files = (
			);
			inputPaths = (
			);
			name = "Copy Pods Resources";
			outputPaths = (
			);
			runOnlyForDeploymentPostprocessing = 0;
			shellPath = /bin/sh;
			shellScript = "\"${SRCROOT}/Pods/Pods-resources.sh\"\n";
			showEnvVarsInLog = 0;
		};
		D01E6CFEEA59417EA0936850 /* Check Pods Manifest.lock */ = {
			isa = PBXShellScriptBuildPhase;
			buildActionMask = 2147483647;
			files = (
			);
			inputPaths = (
			);
			name = "Check Pods Manifest.lock";
			outputPaths = (
			);
			runOnlyForDeploymentPostprocessing = 0;
			shellPath = /bin/sh;
			shellScript = "diff \"${PODS_ROOT}/../Podfile.lock\" \"${PODS_ROOT}/Manifest.lock\" > /dev/null\nif [[ $? != 0 ]] ; then\n    cat << EOM\nerror: The sandbox is not in sync with the Podfile.lock. Run 'pod install' or update your CocoaPods installation.\nEOM\n    exit 1\nfi\n";
			showEnvVarsInLog = 0;
		};
/* End PBXShellScriptBuildPhase section */

/* Begin PBXSourcesBuildPhase section */
		92A32B091896FE80001BF997 /* Sources */ = {
			isa = PBXSourcesBuildPhase;
			buildActionMask = 2147483647;
			files = (
				92A32B5018970C67001BF997 /* NRTabBarViewController.m in Sources */,
				92AAB4B81898A9AD00DDA99E /* NRMD5Hashing.m in Sources */,
				92C1195818BD67C900969A48 /* NRConfirmRideTableViewController.m in Sources */,
				92A32B561897236F001BF997 /* NRRegisterViewController.m in Sources */,
				92F498CE1897316900D48C4C /* NetworkingManager.m in Sources */,
				92A32B211896FE81001BF997 /* NRAppDelegate.m in Sources */,
				92A32B1D1896FE80001BF997 /* main.m in Sources */,
				92A32B531897113E001BF997 /* NRSettingsTableViewController.m in Sources */,
				9213BDD818AD9CC500A8427C /* NRRidesViewController.m in Sources */,
				92A32B4A189702B3001BF997 /* NRLoginViewController.m in Sources */,
			);
			runOnlyForDeploymentPostprocessing = 0;
		};
		92A32B2D1896FE81001BF997 /* Sources */ = {
			isa = PBXSourcesBuildPhase;
			buildActionMask = 2147483647;
			files = (
				92A32B3F1896FE81001BF997 /* NightRideTests.m in Sources */,
			);
			runOnlyForDeploymentPostprocessing = 0;
		};
/* End PBXSourcesBuildPhase section */

/* Begin PBXTargetDependency section */
		92A32B371896FE81001BF997 /* PBXTargetDependency */ = {
			isa = PBXTargetDependency;
			target = 92A32B0C1896FE80001BF997 /* NightRide */;
			targetProxy = 92A32B361896FE81001BF997 /* PBXContainerItemProxy */;
		};
/* End PBXTargetDependency section */

/* Begin PBXVariantGroup section */
		92A32B191896FE80001BF997 /* InfoPlist.strings */ = {
			isa = PBXVariantGroup;
			children = (
				92A32B1A1896FE80001BF997 /* en */,
			);
			name = InfoPlist.strings;
			sourceTree = "<group>";
		};
		92A32B221896FE81001BF997 /* Main.storyboard */ = {
			isa = PBXVariantGroup;
			children = (
				92A32B231896FE81001BF997 /* Base */,
			);
			name = Main.storyboard;
			sourceTree = "<group>";
		};
		92A32B3B1896FE81001BF997 /* InfoPlist.strings */ = {
			isa = PBXVariantGroup;
			children = (
				92A32B3C1896FE81001BF997 /* en */,
			);
			name = InfoPlist.strings;
			sourceTree = "<group>";
		};
/* End PBXVariantGroup section */

/* Begin XCBuildConfiguration section */
		92A32B401896FE81001BF997 /* Debug */ = {
			isa = XCBuildConfiguration;
			buildSettings = {
				ALWAYS_SEARCH_USER_PATHS = NO;
				CLANG_CXX_LANGUAGE_STANDARD = "gnu++0x";
				CLANG_CXX_LIBRARY = "libc++";
				CLANG_ENABLE_MODULES = YES;
				CLANG_ENABLE_OBJC_ARC = YES;
				CLANG_WARN_BOOL_CONVERSION = YES;
				CLANG_WARN_CONSTANT_CONVERSION = YES;
				CLANG_WARN_DIRECT_OBJC_ISA_USAGE = YES_ERROR;
				CLANG_WARN_EMPTY_BODY = YES;
				CLANG_WARN_ENUM_CONVERSION = YES;
				CLANG_WARN_INT_CONVERSION = YES;
				CLANG_WARN_OBJC_ROOT_CLASS = YES_ERROR;
				CLANG_WARN__DUPLICATE_METHOD_MATCH = YES;
				"CODE_SIGN_IDENTITY[sdk=iphoneos*]" = "iPhone Developer";
				COPY_PHASE_STRIP = NO;
				GCC_C_LANGUAGE_STANDARD = gnu99;
				GCC_DYNAMIC_NO_PIC = NO;
				GCC_OPTIMIZATION_LEVEL = 0;
				GCC_PREPROCESSOR_DEFINITIONS = (
					"DEBUG=1",
					"$(inherited)",
				);
				GCC_SYMBOLS_PRIVATE_EXTERN = NO;
				GCC_WARN_64_TO_32_BIT_CONVERSION = YES;
				GCC_WARN_ABOUT_RETURN_TYPE = YES_ERROR;
				GCC_WARN_UNDECLARED_SELECTOR = YES;
				GCC_WARN_UNINITIALIZED_AUTOS = YES;
				GCC_WARN_UNUSED_FUNCTION = YES;
				GCC_WARN_UNUSED_VARIABLE = YES;
				IPHONEOS_DEPLOYMENT_TARGET = 7.0;
				ONLY_ACTIVE_ARCH = YES;
				SDKROOT = iphoneos;
			};
			name = Debug;
		};
		92A32B411896FE81001BF997 /* Release */ = {
			isa = XCBuildConfiguration;
			buildSettings = {
				ALWAYS_SEARCH_USER_PATHS = NO;
				CLANG_CXX_LANGUAGE_STANDARD = "gnu++0x";
				CLANG_CXX_LIBRARY = "libc++";
				CLANG_ENABLE_MODULES = YES;
				CLANG_ENABLE_OBJC_ARC = YES;
				CLANG_WARN_BOOL_CONVERSION = YES;
				CLANG_WARN_CONSTANT_CONVERSION = YES;
				CLANG_WARN_DIRECT_OBJC_ISA_USAGE = YES_ERROR;
				CLANG_WARN_EMPTY_BODY = YES;
				CLANG_WARN_ENUM_CONVERSION = YES;
				CLANG_WARN_INT_CONVERSION = YES;
				CLANG_WARN_OBJC_ROOT_CLASS = YES_ERROR;
				CLANG_WARN__DUPLICATE_METHOD_MATCH = YES;
				"CODE_SIGN_IDENTITY[sdk=iphoneos*]" = "iPhone Developer";
				COPY_PHASE_STRIP = YES;
				ENABLE_NS_ASSERTIONS = NO;
				GCC_C_LANGUAGE_STANDARD = gnu99;
				GCC_WARN_64_TO_32_BIT_CONVERSION = YES;
				GCC_WARN_ABOUT_RETURN_TYPE = YES_ERROR;
				GCC_WARN_UNDECLARED_SELECTOR = YES;
				GCC_WARN_UNINITIALIZED_AUTOS = YES;
				GCC_WARN_UNUSED_FUNCTION = YES;
				GCC_WARN_UNUSED_VARIABLE = YES;
				IPHONEOS_DEPLOYMENT_TARGET = 7.0;
				SDKROOT = iphoneos;
				VALIDATE_PRODUCT = YES;
			};
			name = Release;
		};
		92A32B431896FE81001BF997 /* Debug */ = {
			isa = XCBuildConfiguration;
			baseConfigurationReference = 0C1BB4361FF04B029B7C1987 /* Pods.xcconfig */;
			buildSettings = {
				ASSETCATALOG_COMPILER_APPICON_NAME = AppIcon;
				ASSETCATALOG_COMPILER_LAUNCHIMAGE_NAME = LaunchImage;
				CODE_SIGN_IDENTITY = "iPhone Developer";
				"CODE_SIGN_IDENTITY[sdk=iphoneos*]" = "iPhone Developer";
				GCC_PRECOMPILE_PREFIX_HEADER = YES;
				GCC_PREFIX_HEADER = "NightRide/NightRide-Prefix.pch";
				INFOPLIST_FILE = "NightRide/NightRide-Info.plist";
				PRODUCT_NAME = "$(TARGET_NAME)";
				PROVISIONING_PROFILE = "DB0F3AB5-CF55-4C66-9852-869404EF4448";
				WRAPPER_EXTENSION = app;
			};
			name = Debug;
		};
		92A32B441896FE81001BF997 /* Release */ = {
			isa = XCBuildConfiguration;
			baseConfigurationReference = 0C1BB4361FF04B029B7C1987 /* Pods.xcconfig */;
			buildSettings = {
				ASSETCATALOG_COMPILER_APPICON_NAME = AppIcon;
				ASSETCATALOG_COMPILER_LAUNCHIMAGE_NAME = LaunchImage;
				CODE_SIGN_IDENTITY = "iPhone Developer";
				"CODE_SIGN_IDENTITY[sdk=iphoneos*]" = "iPhone Developer";
				GCC_PRECOMPILE_PREFIX_HEADER = YES;
				GCC_PREFIX_HEADER = "NightRide/NightRide-Prefix.pch";
				INFOPLIST_FILE = "NightRide/NightRide-Info.plist";
				PRODUCT_NAME = "$(TARGET_NAME)";
				PROVISIONING_PROFILE = "C161FB91-E9BD-4AE4-8F31-DF8F6C4D2770";
				WRAPPER_EXTENSION = app;
			};
			name = Release;
		};
		92A32B461896FE81001BF997 /* Debug */ = {
			isa = XCBuildConfiguration;
			buildSettings = {
				BUNDLE_LOADER = "$(BUILT_PRODUCTS_DIR)/NightRide.app/NightRide";
				FRAMEWORK_SEARCH_PATHS = (
					"$(SDKROOT)/Developer/Library/Frameworks",
					"$(inherited)",
					"$(DEVELOPER_FRAMEWORKS_DIR)",
				);
				GCC_PRECOMPILE_PREFIX_HEADER = YES;
				GCC_PREFIX_HEADER = "NightRide/NightRide-Prefix.pch";
				GCC_PREPROCESSOR_DEFINITIONS = (
					"DEBUG=1",
					"$(inherited)",
				);
				INFOPLIST_FILE = "NightRideTests/NightRideTests-Info.plist";
				PRODUCT_NAME = "$(TARGET_NAME)";
				TEST_HOST = "$(BUNDLE_LOADER)";
				WRAPPER_EXTENSION = xctest;
			};
			name = Debug;
		};
		92A32B471896FE81001BF997 /* Release */ = {
			isa = XCBuildConfiguration;
			buildSettings = {
				BUNDLE_LOADER = "$(BUILT_PRODUCTS_DIR)/NightRide.app/NightRide";
				FRAMEWORK_SEARCH_PATHS = (
					"$(SDKROOT)/Developer/Library/Frameworks",
					"$(inherited)",
					"$(DEVELOPER_FRAMEWORKS_DIR)",
				);
				GCC_PRECOMPILE_PREFIX_HEADER = YES;
				GCC_PREFIX_HEADER = "NightRide/NightRide-Prefix.pch";
				INFOPLIST_FILE = "NightRideTests/NightRideTests-Info.plist";
				PRODUCT_NAME = "$(TARGET_NAME)";
				TEST_HOST = "$(BUNDLE_LOADER)";
				WRAPPER_EXTENSION = xctest;
			};
			name = Release;
		};
/* End XCBuildConfiguration section */

/* Begin XCConfigurationList section */
		92A32B081896FE80001BF997 /* Build configuration list for PBXProject "NightRide" */ = {
			isa = XCConfigurationList;
			buildConfigurations = (
				92A32B401896FE81001BF997 /* Debug */,
				92A32B411896FE81001BF997 /* Release */,
			);
			defaultConfigurationIsVisible = 0;
			defaultConfigurationName = Release;
		};
		92A32B421896FE81001BF997 /* Build configuration list for PBXNativeTarget "NightRide" */ = {
			isa = XCConfigurationList;
			buildConfigurations = (
				92A32B431896FE81001BF997 /* Debug */,
				92A32B441896FE81001BF997 /* Release */,
			);
			defaultConfigurationIsVisible = 0;
			defaultConfigurationName = Release;
		};
		92A32B451896FE81001BF997 /* Build configuration list for PBXNativeTarget "NightRideTests" */ = {
			isa = XCConfigurationList;
			buildConfigurations = (
				92A32B461896FE81001BF997 /* Debug */,
				92A32B471896FE81001BF997 /* Release */,
			);
			defaultConfigurationIsVisible = 0;
			defaultConfigurationName = Release;
		};
/* End XCConfigurationList section */
	};
	rootObject = 92A32B051896FE80001BF997 /* Project object */;
}
